
Microsoft Visual Studio Solution File, Format Version 12.00
# Visual Studio Version 17
VisualStudioVersion = 17.5.33318.248
MinimumVisualStudioVersion = 10.0.40219.1
Project("{9A19103F-16F7-4668-BE54-9A1E7A4F7556}") = "BlazingPizza", "BlazingPizza.csproj", "{CCF84F8C-44DF-4608-8407-A2C082CD6C8E}"
EndProject
Global
	GlobalSection(SolutionConfigurationPlatforms) = preSolution
		Debug|Any CPU = Debug|Any CPU
		Release|Any CPU = Release|Any CPU
	EndGlobalSection
	GlobalSection(ProjectConfigurationPlatforms) = postSolution
		{CCF84F8C-44DF-4608-8407-A2C082CD6C8E}.Debug|Any CPU.ActiveCfg = Debug|Any CPU
		{CCF84F8C-44DF-4608-8407-A2C082CD6C8E}.Debug|Any CPU.Build.0 = Debug|Any CPU
		{CCF84F8C-44DF-4608-8407-A2C082CD6C8E}.Release|Any CPU.ActiveCfg = Release|Any CPU
		{CCF84F8C-44DF-4608-8407-A2C082CD6C8E}.Release|Any CPU.Build.0 = Release|Any CPU
	EndGlobalSection
	GlobalSection(SolutionProperties) = preSolution
		HideSolutionNode = FALSE
	EndGlobalSection
	GlobalSection(ExtensibilityGlobals) = postSolution
		SolutionGuid = {ADFCACA6-D4F5-4631-B94E-EA5951F5936B}
	EndGlobalSection
EndGlobal
